
Microsoft Visual Studio Solution File, Format Version 12.00
Project("{FAE04EC0-301F-11D3-BF4B-00C04F79EFBC}") = "Api.Practice", "Api.Practice\Api.Practice.csproj", "{E6E526E5-4DAB-4800-B72D-16A117CF54CD}"
EndProject
Project("{FAE04EC0-301F-11D3-BF4B-00C04F79EFBC}") = "Api.Practice.UnitTest", "Api.Practice.UnitTest\Api.Practice.UnitTest.csproj", "{3BBBBEC1-E695-4A55-8161-7221A861D25C}"
EndProject
Global
	GlobalSection(SolutionConfigurationPlatforms) = preSolution
		Debug|Any CPU = Debug|Any CPU
		Release|Any CPU = Release|Any CPU
	EndGlobalSection
	GlobalSection(ProjectConfigurationPlatforms) = postSolution
		{E6E526E5-4DAB-4800-B72D-16A117CF54CD}.Debug|Any CPU.ActiveCfg = Debug|Any CPU
		{E6E526E5-4DAB-4800-B72D-16A117CF54CD}.Debug|Any CPU.Build.0 = Debug|Any CPU
		{E6E526E5-4DAB-4800-B72D-16A117CF54CD}.Release|Any CPU.ActiveCfg = Release|Any CPU
		{E6E526E5-4DAB-4800-B72D-16A117CF54CD}.Release|Any CPU.Build.0 = Release|Any CPU
		{3BBBBEC1-E695-4A55-8161-7221A861D25C}.Debug|Any CPU.ActiveCfg = Debug|Any CPU
		{3BBBBEC1-E695-4A55-8161-7221A861D25C}.Debug|Any CPU.Build.0 = Debug|Any CPU
		{3BBBBEC1-E695-4A55-8161-7221A861D25C}.Release|Any CPU.ActiveCfg = Release|Any CPU
		{3BBBBEC1-E695-4A55-8161-7221A861D25C}.Release|Any CPU.Build.0 = Release|Any CPU
	EndGlobalSection
EndGlobal
